%{
  "broadway": {:hex, :broadway, "1.3.0", "f75f6376159b74f55c5ba2629dac613e4fd79d9e71148ab5fbac8fdd7c999d2a", [:mix], [{:gen_stage, "~> 1.0", [hex: :gen_stage, repo: "hexpm", optional: false]}, {:nimble_options, "~> 0.3.7 or ~> 0.4 or ~> 1.0", [hex: :nimble_options, repo: "hexpm", optional: false]}, {:telemetry, "~> 0.4.3 or ~> 1.0", [hex: :telemetry, repo: "hexpm", optional: false]}], "hexpm", "bef3b4c5512d0072917b70239cbecf8f76a2587465a5b7c3e2b9ae18b4bc405b"},
  "connection": {:hex, :connection, "1.1.0", "ff2a49c4b75b6fb3e674bfc5536451607270aac754ffd1bdfe175abe4a6d7a68", [:mix], [], "hexpm", "722c1eb0a418fbe91ba7bd59a47e28008a189d47e37e0e7bb85585a016b2869c"},
  "crc32cer": {:hex, :crc32cer, "1.1.4", "a68db8211c672a8b9aae2eaba8054b87758230ab0c0fdaec98c3fa84da27436d", [:rebar3], [], "hexpm", "c3ef862a426e5f90af8518dc8b327bdd1d1d32b7ca58fb8025103d826d710837"},
  "gen_stage": {:hex, :gen_stage, "1.3.2", "7c77e5d1e97de2c6c2f78f306f463bca64bf2f4c3cdd606affc0100b89743b7b", [:mix], [], "hexpm", "0ffae547fa777b3ed889a6b9e1e64566217413d018cabd825f786e843ffe63e7"},
  "kafka_ex": {:hex, :kafka_ex, "1.0.1", "c1c66079059d94b7487280d9c7a75123bca0de5795a5f278d0cfeab705ce4e0c", [:mix], [{:aws_credentials, "~> 1.0", [hex: :aws_credentials, repo: "hexpm", optional: true]}, {:aws_signature, "~> 0.4.2", [hex: :aws_signature, repo: "hexpm", optional: true]}, {:ezstd, "~> 1.0", [hex: :ezstd, repo: "hexpm", optional: true]}, {:jason, "~> 1.0", [hex: :jason, repo: "hexpm", optional: true]}, {:kayrock, "~> 1.0", [hex: :kayrock, repo: "hexpm", optional: false]}, {:lz4b, "~> 0.0.13", [hex: :lz4b, repo: "hexpm", optional: true]}, {:snappyer, "~> 1.2", [hex: :snappyer, repo: "hexpm", optional: true]}, {:telemetry, "~> 1.2", [hex: :telemetry, repo: "hexpm", optional: false]}], "hexpm", "cc71e989e10292235a62f8046d9c37532bb1340c0bfbcb5c3ea187784c90efee"},
  "kayrock": {:hex, :kayrock, "1.0.0", "23dc406938e8f67d0a57bbcbc74917b4e59f212447c7a5af44534d42e50424a8", [:mix], [{:connection, "~> 1.1", [hex: :connection, repo: "hexpm", optional: false]}, {:crc32cer, "~> 1.1.0", [hex: :crc32cer, repo: "hexpm", optional: false]}, {:ezstd, "~> 1.0", [hex: :ezstd, repo: "hexpm", optional: true]}, {:lz4b, "~> 0.0.13", [hex: :lz4b, repo: "hexpm", optional: true]}, {:snappyer, "~> 1.2", [hex: :snappyer, repo: "hexpm", optional: true]}, {:varint, "~> 1.2", [hex: :varint, repo: "hexpm", optional: false]}], "hexpm", "22faab2308cf4ba836b8787ab05d64763daa0f7a44351881b4260bb4861fdd56"},
  "nimble_options": {:hex, :nimble_options, "1.1.1", "e3a492d54d85fc3fd7c5baf411d9d2852922f66e69476317787a7b2bb000a61b", [:mix], [], "hexpm", "821b2470ca9442c4b6984882fe9bb0389371b8ddec4d45a9504f00a66f650b44"},
  "telemetry": {:hex, :telemetry, "1.4.2", "a0cb522801dffb1c49fe6e30561badffc7b6d0e180db1300df759faa22062855", [:rebar3], [], "hexpm", "928f6495066506077862c0d1646609eed891a4326bee3126ba54b60af61febb1"},
  "varint": {:hex, :varint, "1.6.0", "7bced828599b2eb84491a9f067f8a5a67fc35a946d3b7582278083c7fd434b00", [:mix], [], "hexpm", "2b4f4a20650aeebe993a70b03bb99571bcbddc27c361322c28b586d8a772ce4e"},
}
